{
  "name": "e-waste-classifier",
  "lockfileVersion": 3,
  "requires": true,
  "packages": {
    "": {
      "dependencies": {
        "animejs": "^4.3.6",
        "chartjs": "^0.3.24"
      }
    },
    "node_modules/animejs": {
      "version": "4.3.6",
      "resolved": "https://registry.npmjs.org/animejs/-/animejs-4.3.6.tgz",
      "integrity": "sha512-rzZ4bDc8JAtyx6hYwxj7s5M/yWfnM5qqY4hZDnhy1cWFvMb6H5/necHS2sbCY3WQTDbRLuZL10dPXSxSCFOr/w==",
      "license": "MIT",
      "funding": {
        "type": "github",
        "url": "https://github.com/sponsors/juliangarnier"
      }
    },
    "node_modules/chartjs": {
      "version": "0.3.24",
      "resolved": "https://registry.npmjs.org/chartjs/-/chartjs-0.3.24.tgz",
      "integrity": "sha512-h6G9qcDqmFYnSWqjWCzQMeOLiypS+pM6Fq2Rj7LPty8Kjx5yHonwwJ7oEHImZpQ2u9Pu36XGYfardvvBiQVrhg==",
      "license": "MIT"
    }
  }
}
